Microsoft Visual Studio Solution File, Format Version 12.00
# Visual Studio Version 17
VisualStudioVersion = 17.5.2.0
MinimumVisualStudioVersion = 10.0.40219.1
Project("{FAE04EC0-301F-11D3-BF4B-00C04F79EFBC}") = "GpsSimulator", "GpsSimulator.csproj", "{140DB4C3-B636-151F-22DC-CBFD8EF7C184}"
EndProject
Global
	GlobalSection(SolutionConfigurationPlatforms) = preSolution
		Debug|Any CPU = Debug|Any CPU
		Release|Any CPU = Release|Any CPU
	EndGlobalSection
	GlobalSection(ProjectConfigurationPlatforms) = postSolution
		{140DB4C3-B636-151F-22DC-CBFD8EF7C184}.Debug|Any CPU.ActiveCfg = Debug|Any CPU
		{140DB4C3-B636-151F-22DC-CBFD8EF7C184}.Debug|Any CPU.Build.0 = Debug|Any CPU
		{140DB4C3-B636-151F-22DC-CBFD8EF7C184}.Release|Any CPU.ActiveCfg = Release|Any CPU
		{140DB4C3-B636-151F-22DC-CBFD8EF7C184}.Release|Any CPU.Build.0 = Release|Any CPU
	EndGlobalSection
	GlobalSection(SolutionProperties) = preSolution
		HideSolutionNode = FALSE
	EndGlobalSection
	GlobalSection(ExtensibilityGlobals) = postSolution
		SolutionGuid = {C7625568-11B6-4ACB-B99A-288479A0C5C2}
	EndGlobalSection
EndGlobal
